{
  "name": "@pulse/platform-runtime",
  "version": "0.1.0",
  "lockfileVersion": 3,
  "requires": true,
  "packages": {
    "": {
      "name": "@pulse/platform-runtime",
      "version": "0.1.0",
      "dependencies": {
        "@pulse/contracts": "file:../../contracts"
      }
    },
    "../../contracts": {
      "name": "@pulse/contracts",
      "version": "1.0.0"
    },
    "node_modules/@pulse/contracts": {
      "resolved": "../../contracts",
      "link": true
    }
  }
}
